
Microsoft Visual Studio Solution File, Format Version 12.00
# Visual Studio Version 16
VisualStudioVersion = 16.0.30320.27
MinimumVisualStudioVersion = 10.0.40219.1
Project("{8BC9CEB8-8B4A-11D0-8D11-00A0C91BC942}") = "Weekwork1", "Weekwork1\Weekwork1.vcxproj", "{FDDBF69C-6A11-422B-BB8C-9F107E488CFE}"
EndProject
Global
	GlobalSection(SolutionConfigurationPlatforms) = preSolution
		Debug|x64 = Debug|x64
		Debug|x86 = Debug|x86
		Release|x64 = Release|x64
		Release|x86 = Release|x86
	EndGlobalSection
	GlobalSection(ProjectConfigurationPlatforms) = postSolution
		{FDDBF69C-6A11-422B-BB8C-9F107E488CFE}.Debug|x64.ActiveCfg = Debug|x64
		{FDDBF69C-6A11-422B-BB8C-9F107E488CFE}.Debug|x64.Build.0 = Debug|x64
		{FDDBF69C-6A11-422B-BB8C-9F107E488CFE}.Debug|x86.ActiveCfg = Debug|Win32
		{FDDBF69C-6A11-422B-BB8C-9F107E488CFE}.Debug|x86.Build.0 = Debug|Win32
		{FDDBF69C-6A11-422B-BB8C-9F107E488CFE}.Release|x64.ActiveCfg = Release|x64
		{FDDBF69C-6A11-422B-BB8C-9F107E488CFE}.Release|x64.Build.0 = Release|x64
		{FDDBF69C-6A11-422B-BB8C-9F107E488CFE}.Release|x86.ActiveCfg = Release|Win32
		{FDDBF69C-6A11-422B-BB8C-9F107E488CFE}.Release|x86.Build.0 = Release|Win32
	EndGlobalSection
	GlobalSection(SolutionProperties) = preSolution
		HideSolutionNode = FALSE
	EndGlobalSection
	GlobalSection(ExtensibilityGlobals) = postSolution
		SolutionGuid = {F7E3C437-0811-4385-AD3A-9AAEDB8D3103}
	EndGlobalSection
EndGlobal
